// !$*UTF8*$!
{
	archiveVersion = 1;
	classes = {
	};
	objectVersion = 50;
	objects = {

/* Begin PBXBuildFile section */
		CDFB2F6422BD34DB0077838C /* AppDelegate.swift in Sources */ = {isa = PBXBuildFile; fileRef = CDFB2F6322BD34DB0077838C /* AppDelegate.swift */; };
		CDFB2F6622BD34DB0077838C /* ViewController.swift in Sources */ = {isa = PBXBuildFile; fileRef = CDFB2F6522BD34DB0077838C /* ViewController.swift */; };
		CDFB2F6922BD34DB0077838C /* Main.storyboard in Resources */ = {isa = PBXBuildFile; fileRef = CDFB2F6722BD34DB0077838C /* Main.storyboard */; };
		CDFB2F6B22BD34DC0077838C /* Assets.xcassets in Resources */ = {isa = PBXBuildFile; fileRef = CDFB2F6A22BD34DC0077838C /* Assets.xcassets */; };
		CDFB2F6E22BD34DC0077838C /* LaunchScreen.storyboard in Resources */ = {isa = PBXBuildFile; fileRef = CDFB2F6C22BD34DC0077838C /* LaunchScreen.storyboard */; };
		CDFB2F7922BD34DC0077838C /* NavigateModesTests.swift in Sources */ = {isa = PBXBuildFile; fileRef = CDFB2F7822BD34DC0077838C /* NavigateModesTests.swift */; };
		CDFB2F8422BD34DC0077838C /* NavigateModesUITests.swift in Sources */ = {isa = PBXBuildFile; fileRef = CDFB2F8322BD34DC0077838C /* NavigateModesUITests.swift */; };
/* End PBXBuildFile section */

/* Begin PBXContainerItemProxy section */
		CDFB2F7522BD34DC0077838C /* PBXContainerItemProxy */ = {
			isa = PBXContainerItemProxy;
			containerPortal = CDFB2F5822BD34DB0077838C /* Project object */;
			proxyType = 1;
			remoteGlobalIDString = CDFB2F5F22BD34DB0077838C;
			remoteInfo = NavigateModes;
		};
		CDFB2F8022BD34DC0077838C /* PBXContainerItemProxy */ = {
			isa = PBXContainerItemProxy;
			containerPortal = CDFB2F5822BD34DB0077838C /* Project object */;
			proxyType = 1;
			remoteGlobalIDString = CDFB2F5F22BD34DB0077838C;
			remoteInfo = NavigateModes;
		};
/* End PBXContainerItemProxy section */

/* Begin PBXFileReference section */
		CDFB2F6022BD34DB0077838C /* NavigateModes.app */ = {isa = PBXFileReference; explicitFileType = wrapper.application; includeInIndex = 0; path = NavigateModes.app; sourceTree = BUILT_PRODUCTS_DIR; };
		CDFB2F6322BD34DB0077838C /* AppDelegate.swift */ = {isa = PBXFileReference; lastKnownFileType = sourcecode.swift; path = AppDelegate.swift; sourceTree = "<group>"; };
		CDFB2F6522BD34DB0077838C /* ViewController.swift */ = {isa = PBXFileReference; lastKnownFileType = sourcecode.swift; path = ViewController.swift; sourceTree = "<group>"; };
		CDFB2F6822BD34DB0077838C /* Base */ = {isa = PBXFileReference; lastKnownFileType = file.storyboard; name = Base; path = Base.lproj/Main.storyboard; sourceTree = "<group>"; };
		CDFB2F6A22BD34DC0077838C /* Assets.xcassets */ = {isa = PBXFileReference; lastKnownFileType = folder.assetcatalog; path = Assets.xcassets; sourceTree = "<group>"; };
		CDFB2F6D22BD34DC0077838C /* Base */ = {isa = PBXFileReference; lastKnownFileType = file.storyboard; name = Base; path = Base.lproj/LaunchScreen.storyboard; sourceTree = "<group>"; };
		CDFB2F6F22BD34DC0077838C /* Info.plist */ = {isa = PBXFileReference; lastKnownFileType = text.plist.xml; path = Info.plist; sourceTree = "<group>"; };
		CDFB2F7422BD34DC0077838C /* NavigateModesTests.xctest */ = {isa = PBXFileReference; explicitFileType = wrapper.cfbundle; includeInIndex = 0; path = NavigateModesTests.xctest; sourceTree = BUILT_PRODUCTS_DIR; };
		CDFB2F7822BD34DC0077838C /* NavigateModesTests.swift */ = {isa = PBXFileReference; lastKnownFileType = sourcecode.swift; path = NavigateModesTests.swift; sourceTree = "<group>"; };
		CDFB2F7A22BD34DC0077838C /* Info.plist */ = {isa = PBXFileReference; lastKnownFileType = text.plist.xml; path = Info.plist; sourceTree = "<group>"; };
		CDFB2F7F22BD34DC0077838C /* NavigateModesUITests.xctest */ = {isa = PBXFileReference; explicitFileType = wrapper.cfbundle; includeInIndex = 0; path = NavigateModesUITests.xctest; sourceTree = BUILT_PRODUCTS_DIR; };
		CDFB2F8322BD34DC0077838C /* NavigateModesUITests.swift */ = {isa = PBXFileReference; lastKnownFileType = sourcecode.swift; path = NavigateModesUITests.swift; sourceTree = "<group>"; };
		CDFB2F8522BD34DC0077838C /* Info.plist */ = {isa = PBXFileReference; lastKnownFileType = text.plist.xml; path = Info.plist; sourceTree = "<group>"; };
/* End PBXFileReference section */

/* Begin PBXFrameworksBuildPhase section */
		CDFB2F5D22BD34DB0077838C /* Frameworks */ = {
			isa = PBXFrameworksBuildPhase;
			buildActionMask = 2147483647;
			files = (
			);
			runOnlyForDeploymentPostprocessing = 0;
		};
		CDFB2F7122BD34DC0077838C /* Frameworks */ = {
			isa = PBXFrameworksBuildPhase;
			buildActionMask = 2147483647;
			files = (
			);
			runOnlyForDeploymentPostprocessing = 0;
		};
		CDFB2F7C22BD34DC0077838C /* Frameworks */ = {
			isa = PBXFrameworksBuildPhase;
			buildActionMask = 2147483647;
			files = (
			);
			runOnlyForDeploymentPostprocessing = 0;
		};
/* End PBXFrameworksBuildPhase section */

/* Begin PBXGroup section */
		CDFB2F5722BD34DB0077838C = {
			isa = PBXGroup;
			children = (
				CDFB2F6222BD34DB0077838C /* NavigateModes */,
				CDFB2F7722BD34DC0077838C /* NavigateModesTests */,
				CDFB2F8222BD34DC0077838C /* NavigateModesUITests */,
				CDFB2F6122BD34DB0077838C /* Products */,
			);
			sourceTree = "<group>";
		};
		CDFB2F6122BD34DB0077838C /* Products */ = {
			isa = PBXGroup;
			children = (
				CDFB2F6022BD34DB0077838C /* NavigateModes.app */,
				CDFB2F7422BD34DC0077838C /* NavigateModesTests.xctest */,
				CDFB2F7F22BD34DC0077838C /* NavigateModesUITests.xctest */,
			);
			name = Products;
			sourceTree = "<group>";
		};
		CDFB2F6222BD34DB0077838C /* NavigateModes */ = {
			isa = PBXGroup;
			children = (
				CDFB2F6322BD34DB0077838C /* AppDelegate.swift */,
				CDFB2F6522BD34DB0077838C /* ViewController.swift */,
				CDFB2F6722BD34DB0077838C /* Main.storyboard */,
				CDFB2F6A22BD34DC0077838C /* Assets.xcassets */,
				CDFB2F6C22BD34DC0077838C /* LaunchScreen.storyboard */,
				CDFB2F6F22BD34DC0077838C /* Info.plist */,
			);
			path = NavigateModes;
			sourceTree = "<group>";
		};
		CDFB2F7722BD34DC0077838C /* NavigateModesTests */ = {
			isa = PBXGroup;
			children = (
				CDFB2F7822BD34DC0077838C /* NavigateModesTests.swift */,
				CDFB2F7A22BD34DC0077838C /* Info.plist */,
			);
			path = NavigateModesTests;
			sourceTree = "<group>";
		};
		CDFB2F8222BD34DC0077838C /* NavigateModesUITests */ = {
			isa = PBXGroup;
			children = (
				CDFB2F8322BD34DC0077838C /* NavigateModesUITests.swift */,
				CDFB2F8522BD34DC0077838C /* Info.plist */,
			);
			path = NavigateModesUITests;
			sourceTree = "<group>";
		};
/* End PBXGroup section */

/* Begin PBXNativeTarget section */
		CDFB2F5F22BD34DB0077838C /* NavigateModes */ = {
			isa = PBXNativeTarget;
			buildConfigurationList = CDFB2F8822BD34DC0077838C /* Build configuration list for PBXNativeTarget "NavigateModes" */;
			buildPhases = (
				CDFB2F5C22BD34DB0077838C /* Sources */,
				CDFB2F5D22BD34DB0077838C /* Frameworks */,
				CDFB2F5E22BD34DB0077838C /* Resources */,
			);
			buildRules = (
			);
			dependencies = (
			);
			name = NavigateModes;
			productName = NavigateModes;
			productReference = CDFB2F6022BD34DB0077838C /* NavigateModes.app */;
			productType = "com.apple.product-type.application";
		};
		CDFB2F7322BD34DC0077838C /* NavigateModesTests */ = {
			isa = PBXNativeTarget;
			buildConfigurationList = CDFB2F8B22BD34DC0077838C /* Build configuration list for PBXNativeTarget "NavigateModesTests" */;
			buildPhases = (
				CDFB2F7022BD34DC0077838C /* Sources */,
				CDFB2F7122BD34DC0077838C /* Frameworks */,
				CDFB2F7222BD34DC0077838C /* Resources */,
			);
			buildRules = (
			);
			dependencies = (
				CDFB2F7622BD34DC0077838C /* PBXTargetDependency */,
			);
			name = NavigateModesTests;
			productName = NavigateModesTests;
			productReference = CDFB2F7422BD34DC0077838C /* NavigateModesTests.xctest */;
			productType = "com.apple.product-type.bundle.unit-test";
		};
		CDFB2F7E22BD34DC0077838C /* NavigateModesUITests */ = {
			isa = PBXNativeTarget;
			buildConfigurationList = CDFB2F8E22BD34DC0077838C /* Build configuration list for PBXNativeTarget "NavigateModesUITests" */;
			buildPhases = (
				CDFB2F7B22BD34DC0077838C /* Sources */,
				CDFB2F7C22BD34DC0077838C /* Frameworks */,
				CDFB2F7D22BD34DC0077838C /* Resources */,
			);
			buildRules = (
			);
			dependencies = (
				CDFB2F8122BD34DC0077838C /* PBXTargetDependency */,
			);
			name = NavigateModesUITests;
			productName = NavigateModesUITests;
			productReference = CDFB2F7F22BD34DC0077838C /* NavigateModesUITests.xctest */;
			productType = "com.apple.product-type.bundle.ui-testing";
		};
/* End PBXNativeTarget section */

/* Begin PBXProject section */
		CDFB2F5822BD34DB0077838C /* Project object */ = {
			isa = PBXProject;
			attributes = {
				LastSwiftUpdateCheck = 1010;
				LastUpgradeCheck = 1010;
				ORGANIZATIONNAME = Yasmine;
				TargetAttributes = {
					CDFB2F5F22BD34DB0077838C = {
						CreatedOnToolsVersion = 10.1;
					};
					CDFB2F7322BD34DC0077838C = {
						CreatedOnToolsVersion = 10.1;
						TestTargetID = CDFB2F5F22BD34DB0077838C;
					};
					CDFB2F7E22BD34DC0077838C = {
						CreatedOnToolsVersion = 10.1;
						TestTargetID = CDFB2F5F22BD34DB0077838C;
					};
				};
			};
			buildConfigurationList = CDFB2F5B22BD34DB0077838C /* Build configuration list for PBXProject "NavigateModes" */;
			compatibilityVersion = "Xcode 9.3";
			developmentRegion = en;
			hasScannedForEncodings = 0;
			knownRegions = (
				en,
				Base,
			);
			mainGroup = CDFB2F5722BD34DB0077838C;
			productRefGroup = CDFB2F6122BD34DB0077838C /* Products */;
			projectDirPath = "";
			projectRoot = "";
			targets = (
				CDFB2F5F22BD34DB0077838C /* NavigateModes */,
				CDFB2F7322BD34DC0077838C /* NavigateModesTests */,
				CDFB2F7E22BD34DC0077838C /* NavigateModesUITests */,
			);
		};
/* End PBXProject section */

/* Begin PBXResourcesBuildPhase section */
		CDFB2F5E22BD34DB0077838C /* Resources */ = {
			isa = PBXResourcesBuildPhase;
			buildActionMask = 2147483647;
			files = (
				CDFB2F6E22BD34DC0077838C /* LaunchScreen.storyboard in Resources */,
				CDFB2F6B22BD34DC0077838C /* Assets.xcassets in Resources */,
				CDFB2F6922BD34DB0077838C /* Main.storyboard in Resources */,
			);
			runOnlyForDeploymentPostprocessing = 0;
		};
		CDFB2F7222BD34DC0077838C /* Resources */ = {
			isa = PBXResourcesBuildPhase;
			buildActionMask = 2147483647;
			files = (
			);
			runOnlyForDeploymentPostprocessing = 0;
		};
		CDFB2F7D22BD34DC0077838C /* Resources */ = {
			isa = PBXResourcesBuildPhase;
			buildActionMask = 2147483647;
			files = (
			);
			runOnlyForDeploymentPostprocessing = 0;
		};
/* End PBXResourcesBuildPhase section */

/* Begin PBXSourcesBuildPhase section */
		CDFB2F5C22BD34DB0077838C /* Sources */ = {
			isa = PBXSourcesBuildPhase;
			buildActionMask = 2147483647;
			files = (
				CDFB2F6622BD34DB0077838C /* ViewController.swift in Sources */,
				CDFB2F6422BD34DB0077838C /* AppDelegate.swift in Sources */,
			);
			runOnlyForDeploymentPostprocessing = 0;
		};
		CDFB2F7022BD34DC0077838C /* Sources */ = {
			isa = PBXSourcesBuildPhase;
			buildActionMask = 2147483647;
			files = (
				CDFB2F7922BD34DC0077838C /* NavigateModesTests.swift in Sources */,
			);
			runOnlyForDeploymentPostprocessing = 0;
		};
		CDFB2F7B22BD34DC0077838C /* Sources */ = {
			isa = PBXSourcesBuildPhase;
			buildActionMask = 2147483647;
			files = (
				CDFB2F8422BD34DC0077838C /* NavigateModesUITests.swift in Sources */,
			);
			runOnlyForDeploymentPostprocessing = 0;
		};
/* End PBXSourcesBuildPhase section */

/* Begin PBXTargetDependency section */
		CDFB2F7622BD34DC0077838C /* PBXTargetDependency */ = {
			isa = PBXTargetDependency;
			target = CDFB2F5F22BD34DB0077838C /* NavigateModes */;
			targetProxy = CDFB2F7522BD34DC0077838C /* PBXContainerItemProxy */;
		};
		CDFB2F8122BD34DC0077838C /* PBXTargetDependency */ = {
			isa = PBXTargetDependency;
			target = CDFB2F5F22BD34DB0077838C /* NavigateModes */;
			targetProxy = CDFB2F8022BD34DC0077838C /* PBXContainerItemProxy */;
		};
/* End PBXTargetDependency section */

/* Begin PBXVariantGroup section */
		CDFB2F6722BD34DB0077838C /* Main.storyboard */ = {
			isa = PBXVariantGroup;
			children = (
				CDFB2F6822BD34DB0077838C /* Base */,
			);
			name = Main.storyboard;
			sourceTree = "<group>";
		};
		CDFB2F6C22BD34DC0077838C /* LaunchScreen.storyboard */ = {
			isa = PBXVariantGroup;
			children = (
				CDFB2F6D22BD34DC0077838C /* Base */,
			);
			name = LaunchScreen.storyboard;
			sourceTree = "<group>";
		};
/* End PBXVariantGroup section */

/* Begin XCBuildConfiguration section */
		CDFB2F8622BD34DC0077838C /* Debug */ = {
			isa = XCBuildConfiguration;
			buildSettings = {
				ALWAYS_SEARCH_USER_PATHS = NO;
				CLANG_ANALYZER_NONNULL = YES;
				CLANG_ANALYZER_NUMBER_OBJECT_CONVERSION = YES_AGGRESSIVE;
				CLANG_CXX_LANGUAGE_STANDARD = "gnu++14";
				CLANG_CXX_LIBRARY = "libc++";
				CLANG_ENABLE_MODULES = YES;
				CLANG_ENABLE_OBJC_ARC = YES;
				CLANG_ENABLE_OBJC_WEAK = YES;
				CLANG_WARN_BLOCK_CAPTURE_AUTORELEASING = YES;
				CLANG_WARN_BOOL_CONVERSION = YES;
				CLANG_WARN_COMMA = YES;
				CLANG_WARN_CONSTANT_CONVERSION = YES;
				CLANG_WARN_DEPRECATED_OBJC_IMPLEMENTATIONS = YES;
				CLANG_WARN_DIRECT_OBJC_ISA_USAGE = YES_ERROR;
				CLANG_WARN_DOCUMENTATION_COMMENTS = YES;
				CLANG_WARN_EMPTY_BODY = YES;
				CLANG_WARN_ENUM_CONVERSION = YES;
				CLANG_WARN_INFINITE_RECURSION = YES;
				CLANG_WARN_INT_CONVERSION = YES;
				CLANG_WARN_NON_LITERAL_NULL_CONVERSION = YES;
				CLANG_WARN_OBJC_IMPLICIT_RETAIN_SELF = YES;
				CLANG_WARN_OBJC_LITERAL_CONVERSION = YES;
				CLANG_WARN_OBJC_ROOT_CLASS = YES_ERROR;
				CLANG_WARN_RANGE_LOOP_ANALYSIS = YES;
				CLANG_WARN_STRICT_PROTOTYPES = YES;
				CLANG_WARN_SUSPICIOUS_MOVE = YES;
				CLANG_WARN_UNGUARDED_AVAILABILITY = YES_AGGRESSIVE;
				CLANG_WARN_UNREACHABLE_CODE = YES;
				CLANG_WARN__DUPLICATE_METHOD_MATCH = YES;
				CODE_SIGN_IDENTITY = "iPhone Developer";
				COPY_PHASE_STRIP = NO;
				DEBUG_INFORMATION_FORMAT = dwarf;
				ENABLE_STRICT_OBJC_MSGSEND = YES;
				ENABLE_TESTABILITY = YES;
				GCC_C_LANGUAGE_STANDARD = gnu11;
				GCC_DYNAMIC_NO_PIC = NO;
				GCC_NO_COMMON_BLOCKS = YES;
				GCC_OPTIMIZATION_LEVEL = 0;
				GCC_PREPROCESSOR_DEFINITIONS = (
					"DEBUG=1",
					"$(inherited)",
				);
				GCC_WARN_64_TO_32_BIT_CONVERSION = YES;
				GCC_WARN_ABOUT_RETURN_TYPE = YES_ERROR;
				GCC_WARN_UNDECLARED_SELECTOR = YES;
				GCC_WARN_UNINITIALIZED_AUTOS = YES_AGGRESSIVE;
				GCC_WARN_UNUSED_FUNCTION = YES;
				GCC_WARN_UNUSED_VARIABLE = YES;
				IPHONEOS_DEPLOYMENT_TARGET = 12.1;
				MTL_ENABLE_DEBUG_INFO = INCLUDE_SOURCE;
				MTL_FAST_MATH = YES;
				ONLY_ACTIVE_ARCH = YES;
				SDKROOT = iphoneos;
				SWIFT_ACTIVE_COMPILATION_CONDITIONS = DEBUG;
				SWIFT_OPTIMIZATION_LEVEL = "-Onone";
			};
			name = Debug;
		};
		CDFB2F8722BD34DC0077838C /* Release */ = {
			isa = XCBuildConfiguration;
			buildSettings = {
				ALWAYS_SEARCH_USER_PATHS = NO;
				CLANG_ANALYZER_NONNULL = YES;
				CLANG_ANALYZER_NUMBER_OBJECT_CONVERSION = YES_AGGRESSIVE;
				CLANG_CXX_LANGUAGE_STANDARD = "gnu++14";
				CLANG_CXX_LIBRARY = "libc++";
				CLANG_ENABLE_MODULES = YES;
				CLANG_ENABLE_OBJC_ARC = YES;
				CLANG_ENABLE_OBJC_WEAK = YES;
				CLANG_WARN_BLOCK_CAPTURE_AUTORELEASING = YES;
				CLANG_WARN_BOOL_CONVERSION = YES;
				CLANG_WARN_COMMA = YES;
				CLANG_WARN_CONSTANT_CONVERSION = YES;
				CLANG_WARN_DEPRECATED_OBJC_IMPLEMENTATIONS = YES;
				CLANG_WARN_DIRECT_OBJC_ISA_USAGE = YES_ERROR;
				CLANG_WARN_DOCUMENTATION_COMMENTS = YES;
				CLANG_WARN_EMPTY_BODY = YES;
				CLANG_WARN_ENUM_CONVERSION = YES;
				CLANG_WARN_INFINITE_RECURSION = YES;
				CLANG_WARN_INT_CONVERSION = YES;
				CLANG_WARN_NON_LITERAL_NULL_CONVERSION = YES;
				CLANG_WARN_OBJC_IMPLICIT_RETAIN_SELF = YES;
				CLANG_WARN_OBJC_LITERAL_CONVERSION = YES;
				CLANG_WARN_OBJC_ROOT_CLASS = YES_ERROR;
				CLANG_WARN_RANGE_LOOP_ANALYSIS = YES;
				CLANG_WARN_STRICT_PROTOTYPES = YES;
				CLANG_WARN_SUSPICIOUS_MOVE = YES;
				CLANG_WARN_UNGUARDED_AVAILABILITY = YES_AGGRESSIVE;
				CLANG_WARN_UNREACHABLE_CODE = YES;
				CLANG_WARN__DUPLICATE_METHOD_MATCH = YES;
				CODE_SIGN_IDENTITY = "iPhone Developer";
				COPY_PHASE_STRIP = NO;
				DEBUG_INFORMATION_FORMAT = "dwarf-with-dsym";
				ENABLE_NS_ASSERTIONS = NO;
				ENABLE_STRICT_OBJC_MSGSEND = YES;
				GCC_C_LANGUAGE_STANDARD = gnu11;
				GCC_NO_COMMON_BLOCKS = YES;
				GCC_WARN_64_TO_32_BIT_CONVERSION = YES;
				GCC_WARN_ABOUT_RETURN_TYPE = YES_ERROR;
				GCC_WARN_UNDECLARED_SELECTOR = YES;
				GCC_WARN_UNINITIALIZED_AUTOS = YES_AGGRESSIVE;
				GCC_WARN_UNUSED_FUNCTION = YES;
				GCC_WARN_UNUSED_VARIABLE = YES;
				IPHONEOS_DEPLOYMENT_TARGET = 12.1;
				MTL_ENABLE_DEBUG_INFO = NO;
				MTL_FAST_MATH = YES;
				SDKROOT = iphoneos;
				SWIFT_COMPILATION_MODE = wholemodule;
				SWIFT_OPTIMIZATION_LEVEL = "-O";
				VALIDATE_PRODUCT = YES;
			};
			name = Release;
		};
		CDFB2F8922BD34DC0077838C /* Debug */ = {
			isa = XCBuildConfiguration;
			buildSettings = {
				ASSETCATALOG_COMPILER_APPICON_NAME = AppIcon;
				CODE_SIGN_STYLE = Automatic;
				DEVELOPMENT_TEAM = K7KEKE7786;
				INFOPLIST_FILE = NavigateModes/Info.plist;
				LD_RUNPATH_SEARCH_PATHS = (
					"$(inherited)",
					"@executable_path/Frameworks",
				);
				PRODUCT_BUNDLE_IDENTIFIER = AppStudio.NavigateModes;
				PRODUCT_NAME = "$(TARGET_NAME)";
				SWIFT_VERSION = 4.2;
				TARGETED_DEVICE_FAMILY = "1,2";
			};
			name = Debug;
		};
		CDFB2F8A22BD34DC0077838C /* Release */ = {
			isa = XCBuildConfiguration;
			buildSettings = {
				ASSETCATALOG_COMPILER_APPICON_NAME = AppIcon;
				CODE_SIGN_STYLE = Automatic;
				DEVELOPMENT_TEAM = K7KEKE7786;
				INFOPLIST_FILE = NavigateModes/Info.plist;
				LD_RUNPATH_SEARCH_PATHS = (
					"$(inherited)",
					"@executable_path/Frameworks",
				);
				PRODUCT_BUNDLE_IDENTIFIER = AppStudio.NavigateModes;
				PRODUCT_NAME = "$(TARGET_NAME)";
				SWIFT_VERSION = 4.2;
				TARGETED_DEVICE_FAMILY = "1,2";
			};
			name = Release;
		};
		CDFB2F8C22BD34DC0077838C /* Debug */ = {
			isa = XCBuildConfiguration;
			buildSettings = {
				ALWAYS_EMBED_SWIFT_STANDARD_LIBRARIES = YES;
				BUNDLE_LOADER = "$(TEST_HOST)";
				CODE_SIGN_STYLE = Automatic;
				DEVELOPMENT_TEAM = K7KEKE7786;
				INFOPLIST_FILE = NavigateModesTests/Info.plist;
				LD_RUNPATH_SEARCH_PATHS = (
					"$(inherited)",
					"@executable_path/Frameworks",
					"@loader_path/Frameworks",
				);
				PRODUCT_BUNDLE_IDENTIFIER = AppStudio.NavigateModesTests;
				PRODUCT_NAME = "$(TARGET_NAME)";
				SWIFT_VERSION = 4.2;
				TARGETED_DEVICE_FAMILY = "1,2";
				TEST_HOST = "$(BUILT_PRODUCTS_DIR)/NavigateModes.app/NavigateModes";
			};
			name = Debug;
		};
		CDFB2F8D22BD34DC0077838C /* Release */ = {
			isa = XCBuildConfiguration;
			buildSettings = {
				ALWAYS_EMBED_SWIFT_STANDARD_LIBRARIES = YES;
				BUNDLE_LOADER = "$(TEST_HOST)";
				CODE_SIGN_STYLE = Automatic;
				DEVELOPMENT_TEAM = K7KEKE7786;
				INFOPLIST_FILE = NavigateModesTests/Info.plist;
				LD_RUNPATH_SEARCH_PATHS = (
					"$(inherited)",
					"@executable_path/Frameworks",
					"@loader_path/Frameworks",
				);
				PRODUCT_BUNDLE_IDENTIFIER = AppStudio.NavigateModesTests;
				PRODUCT_NAME = "$(TARGET_NAME)";
				SWIFT_VERSION = 4.2;
				TARGETED_DEVICE_FAMILY = "1,2";
				TEST_HOST = "$(BUILT_PRODUCTS_DIR)/NavigateModes.app/NavigateModes";
			};
			name = Release;
		};
		CDFB2F8F22BD34DC0077838C /* Debug */ = {
			isa = XCBuildConfiguration;
			buildSettings = {
				ALWAYS_EMBED_SWIFT_STANDARD_LIBRARIES = YES;
				CODE_SIGN_STYLE = Automatic;
				DEVELOPMENT_TEAM = K7KEKE7786;
				INFOPLIST_FILE = NavigateModesUITests/Info.plist;
				LD_RUNPATH_SEARCH_PATHS = (
					"$(inherited)",
					"@executable_path/Frameworks",
					"@loader_path/Frameworks",
				);
				PRODUCT_BUNDLE_IDENTIFIER = AppStudio.NavigateModesUITests;
				PRODUCT_NAME = "$(TARGET_NAME)";
				SWIFT_VERSION = 4.2;
				TARGETED_DEVICE_FAMILY = "1,2";
				TEST_TARGET_NAME = NavigateModes;
			};
			name = Debug;
		};
		CDFB2F9022BD34DC0077838C /* Release */ = {
			isa = XCBuildConfiguration;
			buildSettings = {
				ALWAYS_EMBED_SWIFT_STANDARD_LIBRARIES = YES;
				CODE_SIGN_STYLE = Automatic;
				DEVELOPMENT_TEAM = K7KEKE7786;
				INFOPLIST_FILE = NavigateModesUITests/Info.plist;
				LD_RUNPATH_SEARCH_PATHS = (
					"$(inherited)",
					"@executable_path/Frameworks",
					"@loader_path/Frameworks",
				);
				PRODUCT_BUNDLE_IDENTIFIER = AppStudio.NavigateModesUITests;
				PRODUCT_NAME = "$(TARGET_NAME)";
				SWIFT_VERSION = 4.2;
				TARGETED_DEVICE_FAMILY = "1,2";
				TEST_TARGET_NAME = NavigateModes;
			};
			name = Release;
		};
/* End XCBuildConfiguration section */

/* Begin XCConfigurationList section */
		CDFB2F5B22BD34DB0077838C /* Build configuration list for PBXProject "NavigateModes" */ = {
			isa = XCConfigurationList;
			buildConfigurations = (
				CDFB2F8622BD34DC0077838C /* Debug */,
				CDFB2F8722BD34DC0077838C /* Release */,
			);
			defaultConfigurationIsVisible = 0;
			defaultConfigurationName = Release;
		};
		CDFB2F8822BD34DC0077838C /* Build configuration list for PBXNativeTarget "NavigateModes" */ = {
			isa = XCConfigurationList;
			buildConfigurations = (
				CDFB2F8922BD34DC0077838C /* Debug */,
				CDFB2F8A22BD34DC0077838C /* Release */,
			);
			defaultConfigurationIsVisible = 0;
			defaultConfigurationName = Release;
		};
		CDFB2F8B22BD34DC0077838C /* Build configuration list for PBXNativeTarget "NavigateModesTests" */ = {
			isa = XCConfigurationList;
			buildConfigurations = (
				CDFB2F8C22BD34DC0077838C /* Debug */,
				CDFB2F8D22BD34DC0077838C /* Release */,
			);
			defaultConfigurationIsVisible = 0;
			defaultConfigurationName = Release;
		};
		CDFB2F8E22BD34DC0077838C /* Build configuration list for PBXNativeTarget "NavigateModesUITests" */ = {
			isa = XCConfigurationList;
			buildConfigurations = (
				CDFB2F8F22BD34DC0077838C /* Debug */,
				CDFB2F9022BD34DC0077838C /* Release */,
			);
			defaultConfigurationIsVisible = 0;
			defaultConfigurationName = Release;
		};
/* End XCConfigurationList section */
	};
	rootObject = CDFB2F5822BD34DB0077838C /* Project object */;
}
